
Microsoft Visual Studio Solution File, Format Version 12.00
# Visual Studio Version 17
VisualStudioVersion = 17.11.35312.102
MinimumVisualStudioVersion = 10.0.40219.1
Project("{FAE04EC0-301F-11D3-BF4B-00C04F79EFBC}") = "Planix", "Planix\Planix.csproj", "{B2E30DC2-C1D5-499A-9180-EE56CD0D4DC9}"
EndProject
Global
	GlobalSection(SolutionConfigurationPlatforms) = preSolution
		Debug|Any CPU = Debug|Any CPU
		Release|Any CPU = Release|Any CPU
	EndGlobalSection
	GlobalSection(ProjectConfigurationPlatforms) = postSolution
		{B2E30DC2-C1D5-499A-9180-EE56CD0D4DC9}.Debug|Any CPU.ActiveCfg = Debug|Any CPU
		{B2E30DC2-C1D5-499A-9180-EE56CD0D4DC9}.Debug|Any CPU.Build.0 = Debug|Any CPU
		{B2E30DC2-C1D5-499A-9180-EE56CD0D4DC9}.Release|Any CPU.ActiveCfg = Release|Any CPU
		{B2E30DC2-C1D5-499A-9180-EE56CD0D4DC9}.Release|Any CPU.Build.0 = Release|Any CPU
	EndGlobalSection
	GlobalSection(SolutionProperties) = preSolution
		HideSolutionNode = FALSE
	EndGlobalSection
	GlobalSection(ExtensibilityGlobals) = postSolution
		SolutionGuid = {162AB6AF-D743-4E10-B74F-B2F13A9769B9}
	EndGlobalSection
EndGlobal
